
Microsoft Visual Studio Solution File, Format Version 12.00
# Visual Studio Version 17
VisualStudioVersion = 17.6.33723.286
MinimumVisualStudioVersion = 10.0.40219.1
Project("{FAE04EC0-301F-11D3-BF4B-00C04F79EFBC}") = "EmployeeFileIO", "EmployeeFileIO\EmployeeFileIO.csproj", "{DEF68281-8E5F-49ED-8B91-0CAD8DC0A9B0}"
EndProject
Global
	GlobalSection(SolutionConfigurationPlatforms) = preSolution
		Debug|Any CPU = Debug|Any CPU
		Release|Any CPU = Release|Any CPU
	EndGlobalSection
	GlobalSection(ProjectConfigurationPlatforms) = postSolution
		{DEF68281-8E5F-49ED-8B91-0CAD8DC0A9B0}.Debug|Any CPU.ActiveCfg = Debug|Any CPU
		{DEF68281-8E5F-49ED-8B91-0CAD8DC0A9B0}.Debug|Any CPU.Build.0 = Debug|Any CPU
		{DEF68281-8E5F-49ED-8B91-0CAD8DC0A9B0}.Release|Any CPU.ActiveCfg = Release|Any CPU
		{DEF68281-8E5F-49ED-8B91-0CAD8DC0A9B0}.Release|Any CPU.Build.0 = Release|Any CPU
	EndGlobalSection
	GlobalSection(SolutionProperties) = preSolution
		HideSolutionNode = FALSE
	EndGlobalSection
	GlobalSection(ExtensibilityGlobals) = postSolution
		SolutionGuid = {A5DFA834-49C0-4EDE-94E5-85AAD97254C0}
	EndGlobalSection
EndGlobal
